// !$*UTF8*$!
{
	archiveVersion = 1;
	classes = {
	};
	objectVersion = 77;
	objects = {

/* Begin PBXBuildFile section */
		57538CC02E52A453003FC3AC /* AppDelegate.swift in Sources */ = {isa = PBXBuildFile; fileRef = 57538CBF2E52A453003FC3AC /* AppDelegate.swift */; };
		57538CC22E52A453003FC3AC /* SceneDelegate.swift in Sources */ = {isa = PBXBuildFile; fileRef = 57538CC12E52A453003FC3AC /* SceneDelegate.swift */; };
		57538CC42E52A453003FC3AC /* ViewController.swift in Sources */ = {isa = PBXBuildFile; fileRef = 57538CC32E52A453003FC3AC /* ViewController.swift */; };
		57538CC72E52A453003FC3AC /* Main.storyboard in Resources */ = {isa = PBXBuildFile; fileRef = 57538CC52E52A453003FC3AC /* Main.storyboard */; };
		57538CC92E52A457003FC3AC /* Assets.xcassets in Resources */ = {isa = PBXBuildFile; fileRef = 57538CC82E52A457003FC3AC /* Assets.xcassets */; };
		57538CCC2E52A457003FC3AC /* LaunchScreen.storyboard in Resources */ = {isa = PBXBuildFile; fileRef = 57538CCA2E52A457003FC3AC /* LaunchScreen.storyboard */; };
		57538CD42E52C9F8003FC3AC /* QuizViewController.swift in Sources */ = {isa = PBXBuildFile; fileRef = 57538CD32E52C9F8003FC3AC /* QuizViewController.swift */; };
		57538CD62E539746003FC3AC /* LoginViewController.swift in Sources */ = {isa = PBXBuildFile; fileRef = 57538CD52E539746003FC3AC /* LoginViewController.swift */; };
		57538CE62E53D470003FC3AC /* Localizable.strings in Resources */ = {isa = PBXBuildFile; fileRef = 57538CE42E53D470003FC3AC /* Localizable.strings */; };
		577BB8732E8F0E2C000AC46B /* HomeViewController.swift in Sources */ = {isa = PBXBuildFile; fileRef = 577BB8722E8F0E2C000AC46B /* HomeViewController.swift */; };
		577BB8752E8F245B000AC46B /* PhrasesViewController.swift in Sources */ = {isa = PBXBuildFile; fileRef = 577BB8742E8F245B000AC46B /* PhrasesViewController.swift */; };
		577BB87A2E903739000AC46B /* Model.xcdatamodeld in Sources */ = {isa = PBXBuildFile; fileRef = 577BB8782E903739000AC46B /* Model.xcdatamodeld */; };
		577BB87C2E905E77000AC46B /* frases.json in Resources */ = {isa = PBXBuildFile; fileRef = 577BB87B2E905E77000AC46B /* frases.json */; };
		577BB87E2E906173000AC46B /* PhrasesEx1ViewController.swift in Sources */ = {isa = PBXBuildFile; fileRef = 577BB87D2E906173000AC46B /* PhrasesEx1ViewController.swift */; };
/* End PBXBuildFile section */

/* Begin PBXFileReference section */
		57538CBC2E52A453003FC3AC /* Oh-laline.app */ = {isa = PBXFileReference; explicitFileType = wrapper.application; includeInIndex = 0; path = "Oh-laline.app"; sourceTree = BUILT_PRODUCTS_DIR; };
		57538CBF2E52A453003FC3AC /* AppDelegate.swift */ = {isa = PBXFileReference; lastKnownFileType = sourcecode.swift; path = AppDelegate.swift; sourceTree = "<group>"; };
		57538CC12E52A453003FC3AC /* SceneDelegate.swift */ = {isa = PBXFileReference; lastKnownFileType = sourcecode.swift; path = SceneDelegate.swift; sourceTree = "<group>"; };
		57538CC32E52A453003FC3AC /* ViewController.swift */ = {isa = PBXFileReference; lastKnownFileType = sourcecode.swift; path = ViewController.swift; sourceTree = "<group>"; };
		57538CC62E52A453003FC3AC /* Base */ = {isa = PBXFileReference; lastKnownFileType = file.storyboard; name = Base; path = Base.lproj/Main.storyboard; sourceTree = "<group>"; };
		57538CC82E52A457003FC3AC /* Assets.xcassets */ = {isa = PBXFileReference; lastKnownFileType = folder.assetcatalog; path = Assets.xcassets; sourceTree = "<group>"; };
		57538CCB2E52A457003FC3AC /* Base */ = {isa = PBXFileReference; lastKnownFileType = file.storyboard; name = Base; path = Base.lproj/LaunchScreen.storyboard; sourceTree = "<group>"; };
		57538CCD2E52A457003FC3AC /* Info.plist */ = {isa = PBXFileReference; lastKnownFileType = text.plist.xml; path = Info.plist; sourceTree = "<group>"; };
		57538CD32E52C9F8003FC3AC /* QuizViewController.swift */ = {isa = PBXFileReference; lastKnownFileType = sourcecode.swift; path = QuizViewController.swift; sourceTree = SOURCE_ROOT; };
		57538CD52E539746003FC3AC /* LoginViewController.swift */ = {isa = PBXFileReference; lastKnownFileType = sourcecode.swift; path = LoginViewController.swift; sourceTree = "<group>"; };
		57538CD92E53BECC003FC3AC /* fr */ = {isa = PBXFileReference; lastKnownFileType = text.plist.strings; name = fr; path = fr.lproj/Main.strings; sourceTree = "<group>"; };
		57538CDA2E53BECC003FC3AC /* fr */ = {isa = PBXFileReference; lastKnownFileType = text.plist.strings; name = fr; path = fr.lproj/LaunchScreen.strings; sourceTree = "<group>"; };
		57538CDB2E53BF02003FC3AC /* en-GB */ = {isa = PBXFileReference; lastKnownFileType = text.plist.strings; name = "en-GB"; path = "en-GB.lproj/Main.strings"; sourceTree = "<group>"; };
		57538CDC2E53BF02003FC3AC /* en-GB */ = {isa = PBXFileReference; lastKnownFileType = text.plist.strings; name = "en-GB"; path = "en-GB.lproj/LaunchScreen.strings"; sourceTree = "<group>"; };
		57538CE52E53D470003FC3AC /* Base */ = {isa = PBXFileReference; lastKnownFileType = text.plist.strings; name = Base; path = "Oh-laline/Base.lproj/Localizable.strings"; sourceTree = "<group>"; };
		57538CE72E53D497003FC3AC /* fr */ = {isa = PBXFileReference; lastKnownFileType = text.plist.strings; name = fr; path = "Oh-laline/fr.lproj/Localizable.strings"; sourceTree = "<group>"; };
		57538CE82E53D49A003FC3AC /* en-GB */ = {isa = PBXFileReference; lastKnownFileType = text.plist.strings; name = "en-GB"; path = "Oh-laline/en-GB.lproj/Localizable.strings"; sourceTree = "<group>"; };
		577BB8722E8F0E2C000AC46B /* HomeViewController.swift */ = {isa = PBXFileReference; lastKnownFileType = sourcecode.swift; path = HomeViewController.swift; sourceTree = "<group>"; };
		577BB8742E8F245B000AC46B /* PhrasesViewController.swift */ = {isa = PBXFileReference; lastKnownFileType = sourcecode.swift; path = PhrasesViewController.swift; sourceTree = "<group>"; };
		577BB8792E903739000AC46B /* Model.xcdatamodel */ = {isa = PBXFileReference; lastKnownFileType = wrapper.xcdatamodel; path = Model.xcdatamodel; sourceTree = "<group>"; };
		577BB87B2E905E77000AC46B /* frases.json */ = {isa = PBXFileReference; lastKnownFileType = text.json; path = frases.json; sourceTree = "<group>"; };
		577BB87D2E906173000AC46B /* PhrasesEx1ViewController.swift */ = {isa = PBXFileReference; lastKnownFileType = sourcecode.swift; path = PhrasesEx1ViewController.swift; sourceTree = "<group>"; };
/* End PBXFileReference section */

/* Begin PBXFrameworksBuildPhase section */
		57538CB92E52A453003FC3AC /* Frameworks */ = {
			isa = PBXFrameworksBuildPhase;
			buildActionMask = 2147483647;
			files = (
			);
			runOnlyForDeploymentPostprocessing = 0;
		};
/* End PBXFrameworksBuildPhase section */

/* Begin PBXGroup section */
		57538CB32E52A453003FC3AC = {
			isa = PBXGroup;
			children = (
				57538CE42E53D470003FC3AC /* Localizable.strings */,
				57538CBE2E52A453003FC3AC /* Oh-laline */,
				57538CBD2E52A453003FC3AC /* Products */,
			);
			sourceTree = "<group>";
			usesTabs = 0;
		};
		57538CBD2E52A453003FC3AC /* Products */ = {
			isa = PBXGroup;
			children = (
				57538CBC2E52A453003FC3AC /* Oh-laline.app */,
			);
			name = Products;
			sourceTree = "<group>";
		};
		57538CBE2E52A453003FC3AC /* Oh-laline */ = {
			isa = PBXGroup;
			children = (
				577BB8742E8F245B000AC46B /* PhrasesViewController.swift */,
				577BB87D2E906173000AC46B /* PhrasesEx1ViewController.swift */,
				577BB8782E903739000AC46B /* Model.xcdatamodeld */,
				57538CBF2E52A453003FC3AC /* AppDelegate.swift */,
				57538CC12E52A453003FC3AC /* SceneDelegate.swift */,
				57538CC32E52A453003FC3AC /* ViewController.swift */,
				57538CC52E52A453003FC3AC /* Main.storyboard */,
				57538CC82E52A457003FC3AC /* Assets.xcassets */,
				57538CCA2E52A457003FC3AC /* LaunchScreen.storyboard */,
				57538CCD2E52A457003FC3AC /* Info.plist */,
				57538CD32E52C9F8003FC3AC /* QuizViewController.swift */,
				57538CD52E539746003FC3AC /* LoginViewController.swift */,
				577BB8722E8F0E2C000AC46B /* HomeViewController.swift */,
				577BB87B2E905E77000AC46B /* frases.json */,
			);
			path = "Oh-laline";
			sourceTree = "<group>";
		};
/* End PBXGroup section */

/* Begin PBXNativeTarget section */
		57538CBB2E52A453003FC3AC /* Oh-laline */ = {
			isa = PBXNativeTarget;
			buildConfigurationList = 57538CD02E52A457003FC3AC /* Build configuration list for PBXNativeTarget "Oh-laline" */;
			buildPhases = (
				57538CB82E52A453003FC3AC /* Sources */,
				57538CB92E52A453003FC3AC /* Frameworks */,
				57538CBA2E52A453003FC3AC /* Resources */,
			);
			buildRules = (
			);
			dependencies = (
			);
			name = "Oh-laline";
			productName = "Oh-laline";
			productReference = 57538CBC2E52A453003FC3AC /* Oh-laline.app */;
			productType = "com.apple.product-type.application";
		};
/* End PBXNativeTarget section */

/* Begin PBXProject section */
		57538CB42E52A453003FC3AC /* Project object */ = {
			isa = PBXProject;
			attributes = {
				BuildIndependentTargetsInParallel = 1;
				LastSwiftUpdateCheck = 1430;
				LastUpgradeCheck = 1430;
				TargetAttributes = {
					57538CBB2E52A453003FC3AC = {
						CreatedOnToolsVersion = 14.3.1;
					};
				};
			};
			buildConfigurationList = 57538CB72E52A453003FC3AC /* Build configuration list for PBXProject "Oh-laline" */;
			developmentRegion = en;
			hasScannedForEncodings = 0;
			knownRegions = (
				en,
				Base,
				fr,
				"en-GB",
			);
			mainGroup = 57538CB32E52A453003FC3AC;
			preferredProjectObjectVersion = 77;
			productRefGroup = 57538CBD2E52A453003FC3AC /* Products */;
			projectDirPath = "";
			projectRoot = "";
			targets = (
				57538CBB2E52A453003FC3AC /* Oh-laline */,
			);
		};
/* End PBXProject section */

/* Begin PBXResourcesBuildPhase section */
		57538CBA2E52A453003FC3AC /* Resources */ = {
			isa = PBXResourcesBuildPhase;
			buildActionMask = 2147483647;
			files = (
				57538CE62E53D470003FC3AC /* Localizable.strings in Resources */,
				577BB87C2E905E77000AC46B /* frases.json in Resources */,
				57538CCC2E52A457003FC3AC /* LaunchScreen.storyboard in Resources */,
				57538CC92E52A457003FC3AC /* Assets.xcassets in Resources */,
				57538CC72E52A453003FC3AC /* Main.storyboard in Resources */,
			);
			runOnlyForDeploymentPostprocessing = 0;
		};
/* End PBXResourcesBuildPhase section */

/* Begin PBXSourcesBuildPhase section */
		57538CB82E52A453003FC3AC /* Sources */ = {
			isa = PBXSourcesBuildPhase;
			buildActionMask = 2147483647;
			files = (
				57538CC42E52A453003FC3AC /* ViewController.swift in Sources */,
				57538CC02E52A453003FC3AC /* AppDelegate.swift in Sources */,
				577BB87E2E906173000AC46B /* PhrasesEx1ViewController.swift in Sources */,
				577BB8752E8F245B000AC46B /* PhrasesViewController.swift in Sources */,
				577BB87A2E903739000AC46B /* Model.xcdatamodeld in Sources */,
				57538CC22E52A453003FC3AC /* SceneDelegate.swift in Sources */,
				57538CD62E539746003FC3AC /* LoginViewController.swift in Sources */,
				57538CD42E52C9F8003FC3AC /* QuizViewController.swift in Sources */,
				577BB8732E8F0E2C000AC46B /* HomeViewController.swift in Sources */,
			);
			runOnlyForDeploymentPostprocessing = 0;
		};
/* End PBXSourcesBuildPhase section */

/* Begin PBXVariantGroup section */
		57538CC52E52A453003FC3AC /* Main.storyboard */ = {
			isa = PBXVariantGroup;
			children = (
				57538CC62E52A453003FC3AC /* Base */,
				57538CD92E53BECC003FC3AC /* fr */,
				57538CDB2E53BF02003FC3AC /* en-GB */,
			);
			name = Main.storyboard;
			sourceTree = "<group>";
		};
		57538CCA2E52A457003FC3AC /* LaunchScreen.storyboard */ = {
			isa = PBXVariantGroup;
			children = (
				57538CCB2E52A457003FC3AC /* Base */,
				57538CDA2E53BECC003FC3AC /* fr */,
				57538CDC2E53BF02003FC3AC /* en-GB */,
			);
			name = LaunchScreen.storyboard;
			sourceTree = "<group>";
		};
		57538CE42E53D470003FC3AC /* Localizable.strings */ = {
			isa = PBXVariantGroup;
			children = (
				57538CE52E53D470003FC3AC /* Base */,
				57538CE72E53D497003FC3AC /* fr */,
				57538CE82E53D49A003FC3AC /* en-GB */,
			);
			name = Localizable.strings;
			sourceTree = "<group>";
		};
/* End PBXVariantGroup section */

/* Begin XCBuildConfiguration section */
		57538CCE2E52A457003FC3AC /* Debug */ = {
			isa = XCBuildConfiguration;
			buildSettings = {
				ALWAYS_SEARCH_USER_PATHS = NO;
				CLANG_ANALYZER_LOCALIZABILITY_NONLOCALIZED = YES;
				CLANG_ANALYZER_NONNULL = YES;
				CLANG_ANALYZER_NUMBER_OBJECT_CONVERSION = YES_AGGRESSIVE;
				CLANG_CXX_LANGUAGE_STANDARD = "gnu++20";
				CLANG_ENABLE_MODULES = YES;
				CLANG_ENABLE_OBJC_ARC = YES;
				CLANG_ENABLE_OBJC_WEAK = YES;
				CLANG_WARN_BLOCK_CAPTURE_AUTORELEASING = YES;
				CLANG_WARN_BOOL_CONVERSION = YES;
				CLANG_WARN_COMMA = YES;
				CLANG_WARN_CONSTANT_CONVERSION = YES;
				CLANG_WARN_DEPRECATED_OBJC_IMPLEMENTATIONS = YES;
				CLANG_WARN_DIRECT_OBJC_ISA_USAGE = YES_ERROR;
				CLANG_WARN_DOCUMENTATION_COMMENTS = YES;
				CLANG_WARN_EMPTY_BODY = YES;
				CLANG_WARN_ENUM_CONVERSION = YES;
				CLANG_WARN_INFINITE_RECURSION = YES;
				CLANG_WARN_INT_CONVERSION = YES;
				CLANG_WARN_NON_LITERAL_NULL_CONVERSION = YES;
				CLANG_WARN_OBJC_IMPLICIT_RETAIN_SELF = YES;
				CLANG_WARN_OBJC_LITERAL_CONVERSION = YES;
				CLANG_WARN_OBJC_ROOT_CLASS = YES_ERROR;
				CLANG_WARN_QUOTED_INCLUDE_IN_FRAMEWORK_HEADER = YES;
				CLANG_WARN_RANGE_LOOP_ANALYSIS = YES;
				CLANG_WARN_STRICT_PROTOTYPES = YES;
				CLANG_WARN_SUSPICIOUS_MOVE = YES;
				CLANG_WARN_UNGUARDED_AVAILABILITY = YES_AGGRESSIVE;
				CLANG_WARN_UNREACHABLE_CODE = YES;
				CLANG_WARN__DUPLICATE_METHOD_MATCH = YES;
				COPY_PHASE_STRIP = NO;
				DEBUG_INFORMATION_FORMAT = dwarf;
				ENABLE_STRICT_OBJC_MSGSEND = YES;
				ENABLE_TESTABILITY = YES;
				GCC_C_LANGUAGE_STANDARD = gnu11;
				GCC_DYNAMIC_NO_PIC = NO;
				GCC_NO_COMMON_BLOCKS = YES;
				GCC_OPTIMIZATION_LEVEL = 0;
				GCC_PREPROCESSOR_DEFINITIONS = (
					"DEBUG=1",
					"$(inherited)",
				);
				GCC_WARN_64_TO_32_BIT_CONVERSION = YES;
				GCC_WARN_ABOUT_RETURN_TYPE = YES_ERROR;
				GCC_WARN_UNDECLARED_SELECTOR = YES;
				GCC_WARN_UNINITIALIZED_AUTOS = YES_AGGRESSIVE;
				GCC_WARN_UNUSED_FUNCTION = YES;
				GCC_WARN_UNUSED_VARIABLE = YES;
				IPHONEOS_DEPLOYMENT_TARGET = 14.3;
				MTL_ENABLE_DEBUG_INFO = INCLUDE_SOURCE;
				MTL_FAST_MATH = YES;
				ONLY_ACTIVE_ARCH = YES;
				SDKROOT = iphoneos;
				SWIFT_ACTIVE_COMPILATION_CONDITIONS = DEBUG;
				SWIFT_OPTIMIZATION_LEVEL = "-Onone";
			};
			name = Debug;
		};
		57538CCF2E52A457003FC3AC /* Release */ = {
			isa = XCBuildConfiguration;
			buildSettings = {
				ALWAYS_SEARCH_USER_PATHS = NO;
				CLANG_ANALYZER_LOCALIZABILITY_NONLOCALIZED = YES;
				CLANG_ANALYZER_NONNULL = YES;
				CLANG_ANALYZER_NUMBER_OBJECT_CONVERSION = YES_AGGRESSIVE;
				CLANG_CXX_LANGUAGE_STANDARD = "gnu++20";
				CLANG_ENABLE_MODULES = YES;
				CLANG_ENABLE_OBJC_ARC = YES;
				CLANG_ENABLE_OBJC_WEAK = YES;
				CLANG_WARN_BLOCK_CAPTURE_AUTORELEASING = YES;
				CLANG_WARN_BOOL_CONVERSION = YES;
				CLANG_WARN_COMMA = YES;
				CLANG_WARN_CONSTANT_CONVERSION = YES;
				CLANG_WARN_DEPRECATED_OBJC_IMPLEMENTATIONS = YES;
				CLANG_WARN_DIRECT_OBJC_ISA_USAGE = YES_ERROR;
				CLANG_WARN_DOCUMENTATION_COMMENTS = YES;
				CLANG_WARN_EMPTY_BODY = YES;
				CLANG_WARN_ENUM_CONVERSION = YES;
				CLANG_WARN_INFINITE_RECURSION = YES;
				CLANG_WARN_INT_CONVERSION = YES;
				CLANG_WARN_NON_LITERAL_NULL_CONVERSION = YES;
				CLANG_WARN_OBJC_IMPLICIT_RETAIN_SELF = YES;
				CLANG_WARN_OBJC_LITERAL_CONVERSION = YES;
				CLANG_WARN_OBJC_ROOT_CLASS = YES_ERROR;
				CLANG_WARN_QUOTED_INCLUDE_IN_FRAMEWORK_HEADER = YES;
				CLANG_WARN_RANGE_LOOP_ANALYSIS = YES;
				CLANG_WARN_STRICT_PROTOTYPES = YES;
				CLANG_WARN_SUSPICIOUS_MOVE = YES;
				CLANG_WARN_UNGUARDED_AVAILABILITY = YES_AGGRESSIVE;
				CLANG_WARN_UNREACHABLE_CODE = YES;
				CLANG_WARN__DUPLICATE_METHOD_MATCH = YES;
				COPY_PHASE_STRIP = NO;
				DEBUG_INFORMATION_FORMAT = "dwarf-with-dsym";
				ENABLE_NS_ASSERTIONS = NO;
				ENABLE_STRICT_OBJC_MSGSEND = YES;
				GCC_C_LANGUAGE_STANDARD = gnu11;
				GCC_NO_COMMON_BLOCKS = YES;
				GCC_WARN_64_TO_32_BIT_CONVERSION = YES;
				GCC_WARN_ABOUT_RETURN_TYPE = YES_ERROR;
				GCC_WARN_UNDECLARED_SELECTOR = YES;
				GCC_WARN_UNINITIALIZED_AUTOS = YES_AGGRESSIVE;
				GCC_WARN_UNUSED_FUNCTION = YES;
				GCC_WARN_UNUSED_VARIABLE = YES;
				IPHONEOS_DEPLOYMENT_TARGET = 14.3;
				MTL_ENABLE_DEBUG_INFO = NO;
				MTL_FAST_MATH = YES;
				SDKROOT = iphoneos;
				SWIFT_COMPILATION_MODE = wholemodule;
				SWIFT_OPTIMIZATION_LEVEL = "-O";
				VALIDATE_PRODUCT = YES;
			};
			name = Release;
		};
		57538CD12E52A457003FC3AC /* Debug */ = {
			isa = XCBuildConfiguration;
			buildSettings = {
				ASSETCATALOG_COMPILER_APPICON_NAME = AppIcon;
				ASSETCATALOG_COMPILER_GLOBAL_ACCENT_COLOR_NAME = AccentColor;
				CODE_SIGN_STYLE = Automatic;
				CURRENT_PROJECT_VERSION = 1;
				DEVELOPMENT_TEAM = PHYRAN2AXZ;
				GENERATE_INFOPLIST_FILE = YES;
				INFOPLIST_FILE = "Oh-laline/Info.plist";
				INFOPLIST_KEY_UIApplicationSupportsIndirectInputEvents = YES;
				INFOPLIST_KEY_UILaunchStoryboardName = LaunchScreen;
				INFOPLIST_KEY_UIMainStoryboardFile = Main;
				INFOPLIST_KEY_UISupportedInterfaceOrientations_iPad = "UIInterfaceOrientationPortrait UIInterfaceOrientationPortraitUpsideDown UIInterfaceOrientationLandscapeLeft UIInterfaceOrientationLandscapeRight";
				INFOPLIST_KEY_UISupportedInterfaceOrientations_iPhone = "UIInterfaceOrientationPortrait UIInterfaceOrientationLandscapeLeft UIInterfaceOrientationLandscapeRight";
				LD_RUNPATH_SEARCH_PATHS = (
					"$(inherited)",
					"@executable_path/Frameworks",
				);
				MARKETING_VERSION = 1.0;
				PRODUCT_BUNDLE_IDENTIFIER = "Oh-laline";
				PRODUCT_NAME = "$(TARGET_NAME)";
				SUPPORTED_PLATFORMS = "iphoneos iphonesimulator";
				SUPPORTS_MACCATALYST = NO;
				SUPPORTS_MAC_DESIGNED_FOR_IPHONE_IPAD = NO;
				SWIFT_EMIT_LOC_STRINGS = YES;
				SWIFT_VERSION = 5.0;
				TARGETED_DEVICE_FAMILY = 1;
			};
			name = Debug;
		};
		57538CD22E52A457003FC3AC /* Release */ = {
			isa = XCBuildConfiguration;
			buildSettings = {
				ASSETCATALOG_COMPILER_APPICON_NAME = AppIcon;
				ASSETCATALOG_COMPILER_GLOBAL_ACCENT_COLOR_NAME = AccentColor;
				CODE_SIGN_STYLE = Automatic;
				CURRENT_PROJECT_VERSION = 1;
				DEVELOPMENT_TEAM = PHYRAN2AXZ;
				GENERATE_INFOPLIST_FILE = YES;
				INFOPLIST_FILE = "Oh-laline/Info.plist";
				INFOPLIST_KEY_UIApplicationSupportsIndirectInputEvents = YES;
				INFOPLIST_KEY_UILaunchStoryboardName = LaunchScreen;
				INFOPLIST_KEY_UIMainStoryboardFile = Main;
				INFOPLIST_KEY_UISupportedInterfaceOrientations_iPad = "UIInterfaceOrientationPortrait UIInterfaceOrientationPortraitUpsideDown UIInterfaceOrientationLandscapeLeft UIInterfaceOrientationLandscapeRight";
				INFOPLIST_KEY_UISupportedInterfaceOrientations_iPhone = "UIInterfaceOrientationPortrait UIInterfaceOrientationLandscapeLeft UIInterfaceOrientationLandscapeRight";
				LD_RUNPATH_SEARCH_PATHS = (
					"$(inherited)",
					"@executable_path/Frameworks",
				);
				MARKETING_VERSION = 1.0;
				PRODUCT_BUNDLE_IDENTIFIER = "Oh-laline";
				PRODUCT_NAME = "$(TARGET_NAME)";
				SUPPORTED_PLATFORMS = "iphoneos iphonesimulator";
				SUPPORTS_MACCATALYST = NO;
				SUPPORTS_MAC_DESIGNED_FOR_IPHONE_IPAD = NO;
				SWIFT_EMIT_LOC_STRINGS = YES;
				SWIFT_VERSION = 5.0;
				TARGETED_DEVICE_FAMILY = 1;
			};
			name = Release;
		};
/* End XCBuildConfiguration section */

/* Begin XCConfigurationList section */
		57538CB72E52A453003FC3AC /* Build configuration list for PBXProject "Oh-laline" */ = {
			isa = XCConfigurationList;
			buildConfigurations = (
				57538CCE2E52A457003FC3AC /* Debug */,
				57538CCF2E52A457003FC3AC /* Release */,
			);
			defaultConfigurationIsVisible = 0;
			defaultConfigurationName = Release;
		};
		57538CD02E52A457003FC3AC /* Build configuration list for PBXNativeTarget "Oh-laline" */ = {
			isa = XCConfigurationList;
			buildConfigurations = (
				57538CD12E52A457003FC3AC /* Debug */,
				57538CD22E52A457003FC3AC /* Release */,
			);
			defaultConfigurationIsVisible = 0;
			defaultConfigurationName = Release;
		};
/* End XCConfigurationList section */

/* Begin XCVersionGroup section */
		577BB8782E903739000AC46B /* Model.xcdatamodeld */ = {
			isa = XCVersionGroup;
			children = (
				577BB8792E903739000AC46B /* Model.xcdatamodel */,
			);
			currentVersion = 577BB8792E903739000AC46B /* Model.xcdatamodel */;
			path = Model.xcdatamodeld;
			sourceTree = "<group>";
			versionGroupType = wrapper.xcdatamodel;
		};
/* End XCVersionGroup section */
	};
	rootObject = 57538CB42E52A453003FC3AC /* Project object */;
}
